// !$*UTF8*$!
{
	archiveVersion = 1;
	classes = {
	};
	objectVersion = 55;
	objects = {

/* Begin PBXBuildFile section */
		0544685628E6085700FF596C /* AfrikaViewController.swift in Sources */ = {isa = PBXBuildFile; fileRef = 0544685528E6085700FF596C /* AfrikaViewController.swift */; };
		0591815C28DF53C300509812 /* AppDelegate.swift in Sources */ = {isa = PBXBuildFile; fileRef = 0591815B28DF53C300509812 /* AppDelegate.swift */; };
		0591815E28DF53C300509812 /* SceneDelegate.swift in Sources */ = {isa = PBXBuildFile; fileRef = 0591815D28DF53C300509812 /* SceneDelegate.swift */; };
		0591816028DF53C300509812 /* ViewController.swift in Sources */ = {isa = PBXBuildFile; fileRef = 0591815F28DF53C300509812 /* ViewController.swift */; };
		0591816328DF53C300509812 /* Main.storyboard in Resources */ = {isa = PBXBuildFile; fileRef = 0591816128DF53C300509812 /* Main.storyboard */; };
		0591816528DF53C800509812 /* Assets.xcassets in Resources */ = {isa = PBXBuildFile; fileRef = 0591816428DF53C800509812 /* Assets.xcassets */; };
		0591816828DF53C800509812 /* LaunchScreen.storyboard in Resources */ = {isa = PBXBuildFile; fileRef = 0591816628DF53C800509812 /* LaunchScreen.storyboard */; };
		0591817328DF568000509812 /* SecondViewController.swift in Sources */ = {isa = PBXBuildFile; fileRef = 0591817228DF568000509812 /* SecondViewController.swift */; };
		05F740D728E5976B00527FC3 /* ModeSelectionTableViewController.swift in Sources */ = {isa = PBXBuildFile; fileRef = 05F740D628E5976B00527FC3 /* ModeSelectionTableViewController.swift */; };
		05F740D928E5BBD400527FC3 /* EuropeViewController.swift in Sources */ = {isa = PBXBuildFile; fileRef = 05F740D828E5BBD400527FC3 /* EuropeViewController.swift */; };
		05F740DB28E5D4A100527FC3 /* AsiaViewController.swift in Sources */ = {isa = PBXBuildFile; fileRef = 05F740DA28E5D4A100527FC3 /* AsiaViewController.swift */; };
/* End PBXBuildFile section */

/* Begin PBXFileReference section */
		0544685528E6085700FF596C /* AfrikaViewController.swift */ = {isa = PBXFileReference; lastKnownFileType = sourcecode.swift; path = AfrikaViewController.swift; sourceTree = "<group>"; };
		0591815828DF53C300509812 /* Guess country flag.app */ = {isa = PBXFileReference; explicitFileType = wrapper.application; includeInIndex = 0; path = "Guess country flag.app"; sourceTree = BUILT_PRODUCTS_DIR; };
		0591815B28DF53C300509812 /* AppDelegate.swift */ = {isa = PBXFileReference; lastKnownFileType = sourcecode.swift; path = AppDelegate.swift; sourceTree = "<group>"; };
		0591815D28DF53C300509812 /* SceneDelegate.swift */ = {isa = PBXFileReference; lastKnownFileType = sourcecode.swift; path = SceneDelegate.swift; sourceTree = "<group>"; };
		0591815F28DF53C300509812 /* ViewController.swift */ = {isa = PBXFileReference; lastKnownFileType = sourcecode.swift; path = ViewController.swift; sourceTree = "<group>"; };
		0591816228DF53C300509812 /* Base */ = {isa = PBXFileReference; lastKnownFileType = file.storyboard; name = Base; path = Base.lproj/Main.storyboard; sourceTree = "<group>"; };
		0591816428DF53C800509812 /* Assets.xcassets */ = {isa = PBXFileReference; lastKnownFileType = folder.assetcatalog; path = Assets.xcassets; sourceTree = "<group>"; };
		0591816728DF53C800509812 /* Base */ = {isa = PBXFileReference; lastKnownFileType = file.storyboard; name = Base; path = Base.lproj/LaunchScreen.storyboard; sourceTree = "<group>"; };
		0591816928DF53C800509812 /* Info.plist */ = {isa = PBXFileReference; lastKnownFileType = text.plist.xml; path = Info.plist; sourceTree = "<group>"; };
		0591817228DF568000509812 /* SecondViewController.swift */ = {isa = PBXFileReference; lastKnownFileType = sourcecode.swift; path = SecondViewController.swift; sourceTree = "<group>"; };
		05F740D628E5976B00527FC3 /* ModeSelectionTableViewController.swift */ = {isa = PBXFileReference; lastKnownFileType = sourcecode.swift; name = ModeSelectionTableViewController.swift; path = ../Views/ModeSelectionTableViewController.swift; sourceTree = "<group>"; };
		05F740D828E5BBD400527FC3 /* EuropeViewController.swift */ = {isa = PBXFileReference; lastKnownFileType = sourcecode.swift; path = EuropeViewController.swift; sourceTree = "<group>"; };
		05F740DA28E5D4A100527FC3 /* AsiaViewController.swift */ = {isa = PBXFileReference; lastKnownFileType = sourcecode.swift; path = AsiaViewController.swift; sourceTree = "<group>"; };
/* End PBXFileReference section */

/* Begin PBXFrameworksBuildPhase section */
		0591815528DF53C300509812 /* Frameworks */ = {
			isa = PBXFrameworksBuildPhase;
			buildActionMask = 2147483647;
			files = (
			);
			runOnlyForDeploymentPostprocessing = 0;
		};
/* End PBXFrameworksBuildPhase section */

/* Begin PBXGroup section */
		0591814F28DF53C300509812 = {
			isa = PBXGroup;
			children = (
				0591815A28DF53C300509812 /* Guess country flag */,
				0591815928DF53C300509812 /* Products */,
			);
			sourceTree = "<group>";
		};
		0591815928DF53C300509812 /* Products */ = {
			isa = PBXGroup;
			children = (
				0591815828DF53C300509812 /* Guess country flag.app */,
			);
			name = Products;
			sourceTree = "<group>";
		};
		0591815A28DF53C300509812 /* Guess country flag */ = {
			isa = PBXGroup;
			children = (
				0591817128DF53FE00509812 /* Delegates */,
				0591817028DF53E300509812 /* Views */,
				0591816F28DF53D400509812 /* Controllers */,
				0591816428DF53C800509812 /* Assets.xcassets */,
				0591816928DF53C800509812 /* Info.plist */,
			);
			path = "Guess country flag";
			sourceTree = "<group>";
		};
		0591816F28DF53D400509812 /* Controllers */ = {
			isa = PBXGroup;
			children = (
				0591815F28DF53C300509812 /* ViewController.swift */,
				0591817228DF568000509812 /* SecondViewController.swift */,
				05F740D828E5BBD400527FC3 /* EuropeViewController.swift */,
				05F740DA28E5D4A100527FC3 /* AsiaViewController.swift */,
				0544685528E6085700FF596C /* AfrikaViewController.swift */,
				05F740D628E5976B00527FC3 /* ModeSelectionTableViewController.swift */,
			);
			path = Controllers;
			sourceTree = "<group>";
		};
		0591817028DF53E300509812 /* Views */ = {
			isa = PBXGroup;
			children = (
				0591816128DF53C300509812 /* Main.storyboard */,
				0591816628DF53C800509812 /* LaunchScreen.storyboard */,
			);
			path = Views;
			sourceTree = "<group>";
		};
		0591817128DF53FE00509812 /* Delegates */ = {
			isa = PBXGroup;
			children = (
				0591815B28DF53C300509812 /* AppDelegate.swift */,
				0591815D28DF53C300509812 /* SceneDelegate.swift */,
			);
			path = Delegates;
			sourceTree = "<group>";
		};
/* End PBXGroup section */

/* Begin PBXNativeTarget section */
		0591815728DF53C300509812 /* Guess country flag */ = {
			isa = PBXNativeTarget;
			buildConfigurationList = 0591816C28DF53C800509812 /* Build configuration list for PBXNativeTarget "Guess country flag" */;
			buildPhases = (
				0591815428DF53C300509812 /* Sources */,
				0591815528DF53C300509812 /* Frameworks */,
				0591815628DF53C300509812 /* Resources */,
			);
			buildRules = (
			);
			dependencies = (
			);
			name = "Guess country flag";
			productName = "Guess country flag";
			productReference = 0591815828DF53C300509812 /* Guess country flag.app */;
			productType = "com.apple.product-type.application";
		};
/* End PBXNativeTarget section */

/* Begin PBXProject section */
		0591815028DF53C300509812 /* Project object */ = {
			isa = PBXProject;
			attributes = {
				BuildIndependentTargetsInParallel = 1;
				LastSwiftUpdateCheck = 1340;
				LastUpgradeCheck = 1340;
				TargetAttributes = {
					0591815728DF53C300509812 = {
						CreatedOnToolsVersion = 13.4.1;
					};
				};
			};
			buildConfigurationList = 0591815328DF53C300509812 /* Build configuration list for PBXProject "Guess country flag" */;
			compatibilityVersion = "Xcode 13.0";
			developmentRegion = en;
			hasScannedForEncodings = 0;
			knownRegions = (
				en,
				Base,
			);
			mainGroup = 0591814F28DF53C300509812;
			productRefGroup = 0591815928DF53C300509812 /* Products */;
			projectDirPath = "";
			projectRoot = "";
			targets = (
				0591815728DF53C300509812 /* Guess country flag */,
			);
		};
/* End PBXProject section */

/* Begin PBXResourcesBuildPhase section */
		0591815628DF53C300509812 /* Resources */ = {
			isa = PBXResourcesBuildPhase;
			buildActionMask = 2147483647;
			files = (
				0591816828DF53C800509812 /* LaunchScreen.storyboard in Resources */,
				0591816528DF53C800509812 /* Assets.xcassets in Resources */,
				0591816328DF53C300509812 /* Main.storyboard in Resources */,
			);
			runOnlyForDeploymentPostprocessing = 0;
		};
/* End PBXResourcesBuildPhase section */

/* Begin PBXSourcesBuildPhase section */
		0591815428DF53C300509812 /* Sources */ = {
			isa = PBXSourcesBuildPhase;
			buildActionMask = 2147483647;
			files = (
				0591817328DF568000509812 /* SecondViewController.swift in Sources */,
				0591816028DF53C300509812 /* ViewController.swift in Sources */,
				0544685628E6085700FF596C /* AfrikaViewController.swift in Sources */,
				05F740D928E5BBD400527FC3 /* EuropeViewController.swift in Sources */,
				05F740D728E5976B00527FC3 /* ModeSelectionTableViewController.swift in Sources */,
				05F740DB28E5D4A100527FC3 /* AsiaViewController.swift in Sources */,
				0591815C28DF53C300509812 /* AppDelegate.swift in Sources */,
				0591815E28DF53C300509812 /* SceneDelegate.swift in Sources */,
			);
			runOnlyForDeploymentPostprocessing = 0;
		};
/* End PBXSourcesBuildPhase section */

/* Begin PBXVariantGroup section */
		0591816128DF53C300509812 /* Main.storyboard */ = {
			isa = PBXVariantGroup;
			children = (
				0591816228DF53C300509812 /* Base */,
			);
			name = Main.storyboard;
			sourceTree = "<group>";
		};
		0591816628DF53C800509812 /* LaunchScreen.storyboard */ = {
			isa = PBXVariantGroup;
			children = (
				0591816728DF53C800509812 /* Base */,
			);
			name = LaunchScreen.storyboard;
			sourceTree = "<group>";
		};
/* End PBXVariantGroup section */

/* Begin XCBuildConfiguration section */
		0591816A28DF53C800509812 /* Debug */ = {
			isa = XCBuildConfiguration;
			buildSettings = {
				ALWAYS_SEARCH_USER_PATHS = NO;
				CLANG_ANALYZER_NONNULL = YES;
				CLANG_ANALYZER_NUMBER_OBJECT_CONVERSION = YES_AGGRESSIVE;
				CLANG_CXX_LANGUAGE_STANDARD = "gnu++17";
				CLANG_ENABLE_MODULES = YES;
				CLANG_ENABLE_OBJC_ARC = YES;
				CLANG_ENABLE_OBJC_WEAK = YES;
				CLANG_WARN_BLOCK_CAPTURE_AUTORELEASING = YES;
				CLANG_WARN_BOOL_CONVERSION = YES;
				CLANG_WARN_COMMA = YES;
				CLANG_WARN_CONSTANT_CONVERSION = YES;
				CLANG_WARN_DEPRECATED_OBJC_IMPLEMENTATIONS = YES;
				CLANG_WARN_DIRECT_OBJC_ISA_USAGE = YES_ERROR;
				CLANG_WARN_DOCUMENTATION_COMMENTS = YES;
				CLANG_WARN_EMPTY_BODY = YES;
				CLANG_WARN_ENUM_CONVERSION = YES;
				CLANG_WARN_INFINITE_RECURSION = YES;
				CLANG_WARN_INT_CONVERSION = YES;
				CLANG_WARN_NON_LITERAL_NULL_CONVERSION = YES;
				CLANG_WARN_OBJC_IMPLICIT_RETAIN_SELF = YES;
				CLANG_WARN_OBJC_LITERAL_CONVERSION = YES;
				CLANG_WARN_OBJC_ROOT_CLASS = YES_ERROR;
				CLANG_WARN_QUOTED_INCLUDE_IN_FRAMEWORK_HEADER = YES;
				CLANG_WARN_RANGE_LOOP_ANALYSIS = YES;
				CLANG_WARN_STRICT_PROTOTYPES = YES;
				CLANG_WARN_SUSPICIOUS_MOVE = YES;
				CLANG_WARN_UNGUARDED_AVAILABILITY = YES_AGGRESSIVE;
				CLANG_WARN_UNREACHABLE_CODE = YES;
				CLANG_WARN__DUPLICATE_METHOD_MATCH = YES;
				COPY_PHASE_STRIP = NO;
				DEBUG_INFORMATION_FORMAT = dwarf;
				ENABLE_STRICT_OBJC_MSGSEND = YES;
				ENABLE_TESTABILITY = YES;
				GCC_C_LANGUAGE_STANDARD = gnu11;
				GCC_DYNAMIC_NO_PIC = NO;
				GCC_NO_COMMON_BLOCKS = YES;
				GCC_OPTIMIZATION_LEVEL = 0;
				GCC_PREPROCESSOR_DEFINITIONS = (
					"DEBUG=1",
					"$(inherited)",
				);
				GCC_WARN_64_TO_32_BIT_CONVERSION = YES;
				GCC_WARN_ABOUT_RETURN_TYPE = YES_ERROR;
				GCC_WARN_UNDECLARED_SELECTOR = YES;
				GCC_WARN_UNINITIALIZED_AUTOS = YES_AGGRESSIVE;
				GCC_WARN_UNUSED_FUNCTION = YES;
				GCC_WARN_UNUSED_VARIABLE = YES;
				IPHONEOS_DEPLOYMENT_TARGET = 15.5;
				MTL_ENABLE_DEBUG_INFO = INCLUDE_SOURCE;
				MTL_FAST_MATH = YES;
				ONLY_ACTIVE_ARCH = YES;
				SDKROOT = iphoneos;
				SWIFT_ACTIVE_COMPILATION_CONDITIONS = DEBUG;
				SWIFT_OPTIMIZATION_LEVEL = "-Onone";
			};
			name = Debug;
		};
		0591816B28DF53C800509812 /* Release */ = {
			isa = XCBuildConfiguration;
			buildSettings = {
				ALWAYS_SEARCH_USER_PATHS = NO;
				CLANG_ANALYZER_NONNULL = YES;
				CLANG_ANALYZER_NUMBER_OBJECT_CONVERSION = YES_AGGRESSIVE;
				CLANG_CXX_LANGUAGE_STANDARD = "gnu++17";
				CLANG_ENABLE_MODULES = YES;
				CLANG_ENABLE_OBJC_ARC = YES;
				CLANG_ENABLE_OBJC_WEAK = YES;
				CLANG_WARN_BLOCK_CAPTURE_AUTORELEASING = YES;
				CLANG_WARN_BOOL_CONVERSION = YES;
				CLANG_WARN_COMMA = YES;
				CLANG_WARN_CONSTANT_CONVERSION = YES;
				CLANG_WARN_DEPRECATED_OBJC_IMPLEMENTATIONS = YES;
				CLANG_WARN_DIRECT_OBJC_ISA_USAGE = YES_ERROR;
				CLANG_WARN_DOCUMENTATION_COMMENTS = YES;
				CLANG_WARN_EMPTY_BODY = YES;
				CLANG_WARN_ENUM_CONVERSION = YES;
				CLANG_WARN_INFINITE_RECURSION = YES;
				CLANG_WARN_INT_CONVERSION = YES;
				CLANG_WARN_NON_LITERAL_NULL_CONVERSION = YES;
				CLANG_WARN_OBJC_IMPLICIT_RETAIN_SELF = YES;
				CLANG_WARN_OBJC_LITERAL_CONVERSION = YES;
				CLANG_WARN_OBJC_ROOT_CLASS = YES_ERROR;
				CLANG_WARN_QUOTED_INCLUDE_IN_FRAMEWORK_HEADER = YES;
				CLANG_WARN_RANGE_LOOP_ANALYSIS = YES;
				CLANG_WARN_STRICT_PROTOTYPES = YES;
				CLANG_WARN_SUSPICIOUS_MOVE = YES;
				CLANG_WARN_UNGUARDED_AVAILABILITY = YES_AGGRESSIVE;
				CLANG_WARN_UNREACHABLE_CODE = YES;
				CLANG_WARN__DUPLICATE_METHOD_MATCH = YES;
				COPY_PHASE_STRIP = NO;
				DEBUG_INFORMATION_FORMAT = "dwarf-with-dsym";
				ENABLE_NS_ASSERTIONS = NO;
				ENABLE_STRICT_OBJC_MSGSEND = YES;
				GCC_C_LANGUAGE_STANDARD = gnu11;
				GCC_NO_COMMON_BLOCKS = YES;
				GCC_WARN_64_TO_32_BIT_CONVERSION = YES;
				GCC_WARN_ABOUT_RETURN_TYPE = YES_ERROR;
				GCC_WARN_UNDECLARED_SELECTOR = YES;
				GCC_WARN_UNINITIALIZED_AUTOS = YES_AGGRESSIVE;
				GCC_WARN_UNUSED_FUNCTION = YES;
				GCC_WARN_UNUSED_VARIABLE = YES;
				IPHONEOS_DEPLOYMENT_TARGET = 15.5;
				MTL_ENABLE_DEBUG_INFO = NO;
				MTL_FAST_MATH = YES;
				SDKROOT = iphoneos;
				SWIFT_COMPILATION_MODE = wholemodule;
				SWIFT_OPTIMIZATION_LEVEL = "-O";
				VALIDATE_PRODUCT = YES;
			};
			name = Release;
		};
		0591816D28DF53C800509812 /* Debug */ = {
			isa = XCBuildConfiguration;
			buildSettings = {
				ASSETCATALOG_COMPILER_APPICON_NAME = AppIcon;
				ASSETCATALOG_COMPILER_GLOBAL_ACCENT_COLOR_NAME = AccentColor;
				CODE_SIGN_STYLE = Automatic;
				CURRENT_PROJECT_VERSION = 1;
				DEVELOPMENT_TEAM = 44V2GK772X;
				GENERATE_INFOPLIST_FILE = YES;
				INFOPLIST_FILE = "Guess country flag/Info.plist";
				INFOPLIST_KEY_UIApplicationSupportsIndirectInputEvents = YES;
				INFOPLIST_KEY_UILaunchStoryboardName = LaunchScreen;
				INFOPLIST_KEY_UIMainStoryboardFile = Main;
				INFOPLIST_KEY_UISupportedInterfaceOrientations_iPad = "UIInterfaceOrientationPortrait UIInterfaceOrientationPortraitUpsideDown UIInterfaceOrientationLandscapeLeft UIInterfaceOrientationLandscapeRight";
				INFOPLIST_KEY_UISupportedInterfaceOrientations_iPhone = "UIInterfaceOrientationPortrait UIInterfaceOrientationLandscapeLeft UIInterfaceOrientationLandscapeRight";
				LD_RUNPATH_SEARCH_PATHS = (
					"$(inherited)",
					"@executable_path/Frameworks",
				);
				MARKETING_VERSION = 1.0;
				PRODUCT_BUNDLE_IDENTIFIER = "Denis.Guess-country-flag";
				PRODUCT_NAME = "$(TARGET_NAME)";
				SWIFT_EMIT_LOC_STRINGS = YES;
				SWIFT_VERSION = 5.0;
				TARGETED_DEVICE_FAMILY = "1,2";
			};
			name = Debug;
		};
		0591816E28DF53C800509812 /* Release */ = {
			isa = XCBuildConfiguration;
			buildSettings = {
				ASSETCATALOG_COMPILER_APPICON_NAME = AppIcon;
				ASSETCATALOG_COMPILER_GLOBAL_ACCENT_COLOR_NAME = AccentColor;
				CODE_SIGN_STYLE = Automatic;
				CURRENT_PROJECT_VERSION = 1;
				DEVELOPMENT_TEAM = 44V2GK772X;
				GENERATE_INFOPLIST_FILE = YES;
				INFOPLIST_FILE = "Guess country flag/Info.plist";
				INFOPLIST_KEY_UIApplicationSupportsIndirectInputEvents = YES;
				INFOPLIST_KEY_UILaunchStoryboardName = LaunchScreen;
				INFOPLIST_KEY_UIMainStoryboardFile = Main;
				INFOPLIST_KEY_UISupportedInterfaceOrientations_iPad = "UIInterfaceOrientationPortrait UIInterfaceOrientationPortraitUpsideDown UIInterfaceOrientationLandscapeLeft UIInterfaceOrientationLandscapeRight";
				INFOPLIST_KEY_UISupportedInterfaceOrientations_iPhone = "UIInterfaceOrientationPortrait UIInterfaceOrientationLandscapeLeft UIInterfaceOrientationLandscapeRight";
				LD_RUNPATH_SEARCH_PATHS = (
					"$(inherited)",
					"@executable_path/Frameworks",
				);
				MARKETING_VERSION = 1.0;
				PRODUCT_BUNDLE_IDENTIFIER = "Denis.Guess-country-flag";
				PRODUCT_NAME = "$(TARGET_NAME)";
				SWIFT_EMIT_LOC_STRINGS = YES;
				SWIFT_VERSION = 5.0;
				TARGETED_DEVICE_FAMILY = "1,2";
			};
			name = Release;
		};
/* End XCBuildConfiguration section */

/* Begin XCConfigurationList section */
		0591815328DF53C300509812 /* Build configuration list for PBXProject "Guess country flag" */ = {
			isa = XCConfigurationList;
			buildConfigurations = (
				0591816A28DF53C800509812 /* Debug */,
				0591816B28DF53C800509812 /* Release */,
			);
			defaultConfigurationIsVisible = 0;
			defaultConfigurationName = Release;
		};
		0591816C28DF53C800509812 /* Build configuration list for PBXNativeTarget "Guess country flag" */ = {
			isa = XCConfigurationList;
			buildConfigurations = (
				0591816D28DF53C800509812 /* Debug */,
				0591816E28DF53C800509812 /* Release */,
			);
			defaultConfigurationIsVisible = 0;
			defaultConfigurationName = Release;
		};
/* End XCConfigurationList section */
	};
	rootObject = 0591815028DF53C300509812 /* Project object */;
}
